
Microsoft Visual Studio Solution File, Format Version 12.00
# Visual Studio 15
VisualStudioVersion = 15.0.36324.19
MinimumVisualStudioVersion = 10.0.40219.1
Project("{00D1A9C2-B5F0-4AF3-8072-F6C62B433612}") = "GIP2rva.Database", "GIP2rva.Database\GIP2rva.Database.sqlproj", "{72C7BF73-B872-422A-820A-D2F9DF4A50E2}"
EndProject
Global
	GlobalSection(SolutionConfigurationPlatforms) = preSolution
		Debug|Any CPU = Debug|Any CPU
		Release|Any CPU = Release|Any CPU
	EndGlobalSection
	GlobalSection(ProjectConfigurationPlatforms) = postSolution
		{72C7BF73-B872-422A-820A-D2F9DF4A50E2}.Debug|Any CPU.ActiveCfg = Debug|Any CPU
		{72C7BF73-B872-422A-820A-D2F9DF4A50E2}.Debug|Any CPU.Build.0 = Debug|Any CPU
		{72C7BF73-B872-422A-820A-D2F9DF4A50E2}.Debug|Any CPU.Deploy.0 = Debug|Any CPU
		{72C7BF73-B872-422A-820A-D2F9DF4A50E2}.Release|Any CPU.ActiveCfg = Release|Any CPU
		{72C7BF73-B872-422A-820A-D2F9DF4A50E2}.Release|Any CPU.Build.0 = Release|Any CPU
		{72C7BF73-B872-422A-820A-D2F9DF4A50E2}.Release|Any CPU.Deploy.0 = Release|Any CPU
	EndGlobalSection
	GlobalSection(SolutionProperties) = preSolution
		HideSolutionNode = FALSE
	EndGlobalSection
	GlobalSection(ExtensibilityGlobals) = postSolution
		SolutionGuid = {26D4336C-8378-401F-BBB4-03ABEF5AF25D}
	EndGlobalSection
EndGlobal
